# This file is autogenerated, do not edit; changes may be undone by the next 'dep ensure'.


[[projects]]
  branch = "master"
  digest = "1:a443cf7a0cdcb68e2ee030fe000374dad1eb77c5c5739a78a3ff915a802886ed"
  name = "github.com/google/go-containerregistry"
  packages = [
    "pkg/authn",
    "pkg/internal/retry",
    "pkg/internal/retry/wait",
    "pkg/logs",
    "pkg/name",
    "pkg/v1",
    "pkg/v1/partial",
    "pkg/v1/remote",
    "pkg/v1/remote/transport",
    "pkg/v1/tarball",
    "pkg/v1/types",
    "pkg/v1/v1util",
  ]
  pruneopts = "UT"
  revision = "164ee21a6dd5df140d1825d0c489897927979e24"

[[projects]]
  branch = "master"
  digest = "1:b521f10a2d8fa85c04a8ef4e62f2d1e14d303599a55d64dabf9f5a02f84d35eb"
  name = "golang.org/x/sync"
  packages = ["errgroup"]
  pruneopts = "UT"
  revision = "cd5d95a43a6e21273425c7ae415d3df9ea832eeb"

[solve-meta]
  analyzer-name = "dep"
  analyzer-version = 1
  input-imports = [
    "github.com/google/go-containerregistry/pkg/name",
    "github.com/google/go-containerregistry/pkg/v1",
    "github.com/google/go-containerregistry/pkg/v1/remote",
    "github.com/google/go-containerregistry/pkg/v1/tarball",
  ]
  solver-name = "gps-cdcl"
  solver-version = 1
